
Microsoft Visual Studio Solution File, Format Version 12.00
# Visual Studio Version 17
VisualStudioVersion = 17.13.35825.156 d17.13
MinimumVisualStudioVersion = 10.0.40219.1
Project("{FAE04EC0-301F-11D3-BF4B-00C04F79EFBC}") = "FakeStoreApiClient", "FakeStoreApiClient\FakeStoreApiClient.csproj", "{7BE90DBC-3546-441C-86D9-47EDA77577BF}"
EndProject
Global
	GlobalSection(SolutionConfigurationPlatforms) = preSolution
		Debug|Any CPU = Debug|Any CPU
		Release|Any CPU = Release|Any CPU
	EndGlobalSection
	GlobalSection(ProjectConfigurationPlatforms) = postSolution
		{7BE90DBC-3546-441C-86D9-47EDA77577BF}.Debug|Any CPU.ActiveCfg = Debug|Any CPU
		{7BE90DBC-3546-441C-86D9-47EDA77577BF}.Debug|Any CPU.Build.0 = Debug|Any CPU
		{7BE90DBC-3546-441C-86D9-47EDA77577BF}.Release|Any CPU.ActiveCfg = Release|Any CPU
		{7BE90DBC-3546-441C-86D9-47EDA77577BF}.Release|Any CPU.Build.0 = Release|Any CPU
	EndGlobalSection
	GlobalSection(SolutionProperties) = preSolution
		HideSolutionNode = FALSE
	EndGlobalSection
	GlobalSection(ExtensibilityGlobals) = postSolution
		SolutionGuid = {EF5AC4FE-9942-41B7-A4D7-4E6FE9C71CA1}
	EndGlobalSection
EndGlobal
